
Microsoft Visual Studio Solution File, Format Version 12.00
# Visual Studio 2013
VisualStudioVersion = 12.0.21005.1
MinimumVisualStudioVersion = 10.0.40219.1
Project("{FAE04EC0-301F-11D3-BF4B-00C04F79EFBC}") = "GitBootStrap.Tests", "GitBootStrap.Tests\GitBootStrap.Tests.csproj", "{D8DAD530-AB0B-4AE4-8C6F-3BBB69F00B52}"
EndProject
Project("{FAE04EC0-301F-11D3-BF4B-00C04F79EFBC}") = "GitBootStrap", "GitBootStrap\GitBootStrap.csproj", "{39EE28EB-56C2-451F-989F-A7DB661984A1}"
EndProject
Global
	GlobalSection(SolutionConfigurationPlatforms) = preSolution
		Debug|Any CPU = Debug|Any CPU
		Release|Any CPU = Release|Any CPU
	EndGlobalSection
	GlobalSection(ProjectConfigurationPlatforms) = postSolution
		{D8DAD530-AB0B-4AE4-8C6F-3BBB69F00B52}.Debug|Any CPU.ActiveCfg = Debug|Any CPU
		{D8DAD530-AB0B-4AE4-8C6F-3BBB69F00B52}.Debug|Any CPU.Build.0 = Debug|Any CPU
		{D8DAD530-AB0B-4AE4-8C6F-3BBB69F00B52}.Release|Any CPU.ActiveCfg = Release|Any CPU
		{D8DAD530-AB0B-4AE4-8C6F-3BBB69F00B52}.Release|Any CPU.Build.0 = Release|Any CPU
		{39EE28EB-56C2-451F-989F-A7DB661984A1}.Debug|Any CPU.ActiveCfg = Debug|Any CPU
		{39EE28EB-56C2-451F-989F-A7DB661984A1}.Debug|Any CPU.Build.0 = Debug|Any CPU
		{39EE28EB-56C2-451F-989F-A7DB661984A1}.Release|Any CPU.ActiveCfg = Release|Any CPU
		{39EE28EB-56C2-451F-989F-A7DB661984A1}.Release|Any CPU.Build.0 = Release|Any CPU
	EndGlobalSection
	GlobalSection(SolutionProperties) = preSolution
		HideSolutionNode = FALSE
	EndGlobalSection
EndGlobal
